
Microsoft Visual Studio Solution File, Format Version 12.00
# Visual Studio Version 17
VisualStudioVersion = 17.0.31919.166
MinimumVisualStudioVersion = 10.0.40219.1
Project("{FAE04EC0-301F-11D3-BF4B-00C04F79EFBC}") = "CocheApplicationWeb", "CocheApplicationWeb\CocheApplicationWeb.csproj", "{7738EAA9-F8EF-4FC3-8A6D-329254979A6A}"
EndProject
Project("{FAE04EC0-301F-11D3-BF4B-00C04F79EFBC}") = "TestController", "TestController\TestController.csproj", "{F7BA7742-13ED-4305-BB8B-B9A22163F514}"
EndProject
Global
	GlobalSection(SolutionConfigurationPlatforms) = preSolution
		Debug|Any CPU = Debug|Any CPU
		Release|Any CPU = Release|Any CPU
	EndGlobalSection
	GlobalSection(ProjectConfigurationPlatforms) = postSolution
		{7738EAA9-F8EF-4FC3-8A6D-329254979A6A}.Debug|Any CPU.ActiveCfg = Debug|Any CPU
		{7738EAA9-F8EF-4FC3-8A6D-329254979A6A}.Debug|Any CPU.Build.0 = Debug|Any CPU
		{7738EAA9-F8EF-4FC3-8A6D-329254979A6A}.Release|Any CPU.ActiveCfg = Release|Any CPU
		{7738EAA9-F8EF-4FC3-8A6D-329254979A6A}.Release|Any CPU.Build.0 = Release|Any CPU
		{F7BA7742-13ED-4305-BB8B-B9A22163F514}.Debug|Any CPU.ActiveCfg = Debug|Any CPU
		{F7BA7742-13ED-4305-BB8B-B9A22163F514}.Debug|Any CPU.Build.0 = Debug|Any CPU
		{F7BA7742-13ED-4305-BB8B-B9A22163F514}.Release|Any CPU.ActiveCfg = Release|Any CPU
		{F7BA7742-13ED-4305-BB8B-B9A22163F514}.Release|Any CPU.Build.0 = Release|Any CPU
	EndGlobalSection
	GlobalSection(SolutionProperties) = preSolution
		HideSolutionNode = FALSE
	EndGlobalSection
	GlobalSection(ExtensibilityGlobals) = postSolution
		SolutionGuid = {E676562F-85A8-47BA-AAD5-5276E634BCA9}
	EndGlobalSection
EndGlobal
